
Microsoft Visual Studio Solution File, Format Version 12.00
# Visual Studio Version 17
VisualStudioVersion = 17.0.31903.59
MinimumVisualStudioVersion = 10.0.40219.1
Project("{2150E333-8FDC-42A3-9474-1A3956D46DE8}") = "src", "src", "{A0D0BADB-FE4D-4750-80E7-FCFE959CB5CD}"
EndProject
Project("{FAE04EC0-301F-11D3-BF4B-00C04F79EFBC}") = "EmployeeContactManager.Api", "src\EmployeeContactManager.Api\EmployeeContactManager.Api.csproj", "{02DF623C-1568-4449-A976-9E63BF584B27}"
EndProject
Project("{2150E333-8FDC-42A3-9474-1A3956D46DE8}") = "tests", "tests", "{9199AE1B-CC2D-41F2-BD1A-226E62092B5F}"
EndProject
Project("{FAE04EC0-301F-11D3-BF4B-00C04F79EFBC}") = "EmployeeContactManager.Tests", "tests\EmployeeContactManager.Tests\EmployeeContactManager.Tests.csproj", "{3724FD32-332B-404B-A3D4-E877EE9D1A62}"
EndProject
Global
	GlobalSection(SolutionConfigurationPlatforms) = preSolution
		Debug|Any CPU = Debug|Any CPU
		Release|Any CPU = Release|Any CPU
	EndGlobalSection
	GlobalSection(SolutionProperties) = preSolution
		HideSolutionNode = FALSE
	EndGlobalSection
	GlobalSection(ProjectConfigurationPlatforms) = postSolution
		{02DF623C-1568-4449-A976-9E63BF584B27}.Debug|Any CPU.ActiveCfg = Debug|Any CPU
		{02DF623C-1568-4449-A976-9E63BF584B27}.Debug|Any CPU.Build.0 = Debug|Any CPU
		{02DF623C-1568-4449-A976-9E63BF584B27}.Release|Any CPU.ActiveCfg = Release|Any CPU
		{02DF623C-1568-4449-A976-9E63BF584B27}.Release|Any CPU.Build.0 = Release|Any CPU
		{3724FD32-332B-404B-A3D4-E877EE9D1A62}.Debug|Any CPU.ActiveCfg = Debug|Any CPU
		{3724FD32-332B-404B-A3D4-E877EE9D1A62}.Debug|Any CPU.Build.0 = Debug|Any CPU
		{3724FD32-332B-404B-A3D4-E877EE9D1A62}.Release|Any CPU.ActiveCfg = Release|Any CPU
		{3724FD32-332B-404B-A3D4-E877EE9D1A62}.Release|Any CPU.Build.0 = Release|Any CPU
	EndGlobalSection
	GlobalSection(NestedProjects) = preSolution
		{02DF623C-1568-4449-A976-9E63BF584B27} = {A0D0BADB-FE4D-4750-80E7-FCFE959CB5CD}
		{3724FD32-332B-404B-A3D4-E877EE9D1A62} = {9199AE1B-CC2D-41F2-BD1A-226E62092B5F}
	EndGlobalSection
EndGlobal
